
Microsoft Visual Studio Solution File, Format Version 12.00
# Visual Studio Version 17
VisualStudioVersion = 17.0.31825.309
MinimumVisualStudioVersion = 10.0.40219.1
Project("{9A19103F-16F7-4668-BE54-9A1E7A4F7556}") = "FodyTools", "FodyTools\FodyTools.csproj", "{FBDA8753-2D4F-4519-86B4-A7684E0BA641}"
EndProject
Project("{9A19103F-16F7-4668-BE54-9A1E7A4F7556}") = "FodyTools.Tests", "FodyTools.Tests\FodyTools.Tests.csproj", "{F0879E9A-8611-46FC-87E6-2D5AD11BE994}"
EndProject
Project("{2150E333-8FDC-42A3-9474-1A3956D46DE8}") = "Solution Items", "Solution Items", "{7188624C-D936-414E-B190-37E928AC9F50}"
	ProjectSection(SolutionItems) = preProject
		.editorconfig = .editorconfig
		appveyor.yml = appveyor.yml
		directory.build.props = directory.build.props
		directory.build.targets = directory.build.targets
		README.md = README.md
	EndProjectSection
EndProject
Project("{9A19103F-16F7-4668-BE54-9A1E7A4F7556}") = "DummyAssembly", "DummyAssembly\DummyAssembly.csproj", "{5E3F4230-C4C9-471F-85C7-556D8DA9EB13}"
EndProject
Project("{9A19103F-16F7-4668-BE54-9A1E7A4F7556}") = "EmptyAssembly", "EmptyAssembly\EmptyAssembly.csproj", "{C80F7820-F7C5-47FB-9714-B430505CC397}"
EndProject
Project("{9A19103F-16F7-4668-BE54-9A1E7A4F7556}") = "PerformanceTest", "PerformanceTest\PerformanceTest.csproj", "{AA105E63-0CBB-431F-9D97-E99E6CFC2EB1}"
EndProject
Project("{9A19103F-16F7-4668-BE54-9A1E7A4F7556}") = "ShellAssembly", "ShellAssembly\ShellAssembly.csproj", "{6056B99B-DBFB-461C-9840-A64EE5B1CD6A}"
EndProject
Project("{9A19103F-16F7-4668-BE54-9A1E7A4F7556}") = "ReferencedAssembly", "ReferencedAssembly\ReferencedAssembly.csproj", "{F5A8DBB9-DEAB-4783-93C4-D9FFCAF30F97}"
EndProject
Project("{9A19103F-16F7-4668-BE54-9A1E7A4F7556}") = "DummyNullableAssembly", "DummyNullableAssembly\DummyNullableAssembly.csproj", "{45C51E0B-C45B-40F9-8FDD-41EBADC3D3F1}"
EndProject
Project("{9A19103F-16F7-4668-BE54-9A1E7A4F7556}") = "EmptyNullableAssembly", "EmptyNullableAssembly\EmptyNullableAssembly.csproj", "{6EC9109E-FD6C-41E4-BD00-523D646EC7DD}"
EndProject
Project("{2150E333-8FDC-42A3-9474-1A3956D46DE8}") = "UUTs", "UUTs", "{A0888F59-CC9F-437B-8B62-B37CF53EF1CD}"
EndProject
Global
	GlobalSection(SolutionConfigurationPlatforms) = preSolution
		Debug|Any CPU = Debug|Any CPU
		Release|Any CPU = Release|Any CPU
	EndGlobalSection
	GlobalSection(ProjectConfigurationPlatforms) = postSolution
		{FBDA8753-2D4F-4519-86B4-A7684E0BA641}.Debug|Any CPU.ActiveCfg = Debug|Any CPU
		{FBDA8753-2D4F-4519-86B4-A7684E0BA641}.Debug|Any CPU.Build.0 = Debug|Any CPU
		{FBDA8753-2D4F-4519-86B4-A7684E0BA641}.Release|Any CPU.ActiveCfg = Release|Any CPU
		{FBDA8753-2D4F-4519-86B4-A7684E0BA641}.Release|Any CPU.Build.0 = Release|Any CPU
		{F0879E9A-8611-46FC-87E6-2D5AD11BE994}.Debug|Any CPU.ActiveCfg = Debug|Any CPU
		{F0879E9A-8611-46FC-87E6-2D5AD11BE994}.Debug|Any CPU.Build.0 = Debug|Any CPU
		{F0879E9A-8611-46FC-87E6-2D5AD11BE994}.Release|Any CPU.ActiveCfg = Release|Any CPU
		{F0879E9A-8611-46FC-87E6-2D5AD11BE994}.Release|Any CPU.Build.0 = Release|Any CPU
		{5E3F4230-C4C9-471F-85C7-556D8DA9EB13}.Debug|Any CPU.ActiveCfg = Debug|Any CPU
		{5E3F4230-C4C9-471F-85C7-556D8DA9EB13}.Debug|Any CPU.Build.0 = Debug|Any CPU
		{5E3F4230-C4C9-471F-85C7-556D8DA9EB13}.Release|Any CPU.ActiveCfg = Release|Any CPU
		{5E3F4230-C4C9-471F-85C7-556D8DA9EB13}.Release|Any CPU.Build.0 = Release|Any CPU
		{C80F7820-F7C5-47FB-9714-B430505CC397}.Debug|Any CPU.ActiveCfg = Debug|Any CPU
		{C80F7820-F7C5-47FB-9714-B430505CC397}.Debug|Any CPU.Build.0 = Debug|Any CPU
		{C80F7820-F7C5-47FB-9714-B430505CC397}.Release|Any CPU.ActiveCfg = Release|Any CPU
		{C80F7820-F7C5-47FB-9714-B430505CC397}.Release|Any CPU.Build.0 = Release|Any CPU
		{AA105E63-0CBB-431F-9D97-E99E6CFC2EB1}.Debug|Any CPU.ActiveCfg = Debug|Any CPU
		{AA105E63-0CBB-431F-9D97-E99E6CFC2EB1}.Debug|Any CPU.Build.0 = Debug|Any CPU
		{AA105E63-0CBB-431F-9D97-E99E6CFC2EB1}.Release|Any CPU.ActiveCfg = Release|Any CPU
		{AA105E63-0CBB-431F-9D97-E99E6CFC2EB1}.Release|Any CPU.Build.0 = Release|Any CPU
		{6056B99B-DBFB-461C-9840-A64EE5B1CD6A}.Debug|Any CPU.ActiveCfg = Debug|Any CPU
		{6056B99B-DBFB-461C-9840-A64EE5B1CD6A}.Debug|Any CPU.Build.0 = Debug|Any CPU
		{6056B99B-DBFB-461C-9840-A64EE5B1CD6A}.Release|Any CPU.ActiveCfg = Release|Any CPU
		{6056B99B-DBFB-461C-9840-A64EE5B1CD6A}.Release|Any CPU.Build.0 = Release|Any CPU
		{F5A8DBB9-DEAB-4783-93C4-D9FFCAF30F97}.Debug|Any CPU.ActiveCfg = Debug|Any CPU
		{F5A8DBB9-DEAB-4783-93C4-D9FFCAF30F97}.Debug|Any CPU.Build.0 = Debug|Any CPU
		{F5A8DBB9-DEAB-4783-93C4-D9FFCAF30F97}.Release|Any CPU.ActiveCfg = Release|Any CPU
		{F5A8DBB9-DEAB-4783-93C4-D9FFCAF30F97}.Release|Any CPU.Build.0 = Release|Any CPU
		{45C51E0B-C45B-40F9-8FDD-41EBADC3D3F1}.Debug|Any CPU.ActiveCfg = Debug|Any CPU
		{45C51E0B-C45B-40F9-8FDD-41EBADC3D3F1}.Debug|Any CPU.Build.0 = Debug|Any CPU
		{45C51E0B-C45B-40F9-8FDD-41EBADC3D3F1}.Release|Any CPU.ActiveCfg = Release|Any CPU
		{45C51E0B-C45B-40F9-8FDD-41EBADC3D3F1}.Release|Any CPU.Build.0 = Release|Any CPU
		{6EC9109E-FD6C-41E4-BD00-523D646EC7DD}.Debug|Any CPU.ActiveCfg = Debug|Any CPU
		{6EC9109E-FD6C-41E4-BD00-523D646EC7DD}.Debug|Any CPU.Build.0 = Debug|Any CPU
		{6EC9109E-FD6C-41E4-BD00-523D646EC7DD}.Release|Any CPU.ActiveCfg = Release|Any CPU
		{6EC9109E-FD6C-41E4-BD00-523D646EC7DD}.Release|Any CPU.Build.0 = Release|Any CPU
	EndGlobalSection
	GlobalSection(SolutionProperties) = preSolution
		HideSolutionNode = FALSE
	EndGlobalSection
	GlobalSection(NestedProjects) = preSolution
		{5E3F4230-C4C9-471F-85C7-556D8DA9EB13} = {A0888F59-CC9F-437B-8B62-B37CF53EF1CD}
		{C80F7820-F7C5-47FB-9714-B430505CC397} = {A0888F59-CC9F-437B-8B62-B37CF53EF1CD}
		{6056B99B-DBFB-461C-9840-A64EE5B1CD6A} = {A0888F59-CC9F-437B-8B62-B37CF53EF1CD}
		{F5A8DBB9-DEAB-4783-93C4-D9FFCAF30F97} = {A0888F59-CC9F-437B-8B62-B37CF53EF1CD}
		{45C51E0B-C45B-40F9-8FDD-41EBADC3D3F1} = {A0888F59-CC9F-437B-8B62-B37CF53EF1CD}
		{6EC9109E-FD6C-41E4-BD00-523D646EC7DD} = {A0888F59-CC9F-437B-8B62-B37CF53EF1CD}
	EndGlobalSection
	GlobalSection(ExtensibilityGlobals) = postSolution
		SolutionGuid = {D4632913-C889-4049-BBD8-22A8EC1AF8A5}
	EndGlobalSection
EndGlobal
